
Microsoft Visual Studio Solution File, Format Version 12.00
# Visual Studio Version 16
VisualStudioVersion = 16.0.29209.62
MinimumVisualStudioVersion = 10.0.40219.1
Project("{FAE04EC0-301F-11D3-BF4B-00C04F79EFBC}") = "ObjectsAndProperties", "ObjectsAndProperties.csproj", "{4A2BD238-56A8-4DB4-9C33-F48AC1D814E1}"
EndProject
Global
	GlobalSection(SolutionConfigurationPlatforms) = preSolution
		Debug|Any CPU = Debug|Any CPU
		Release|Any CPU = Release|Any CPU
	EndGlobalSection
	GlobalSection(ProjectConfigurationPlatforms) = postSolution
		{4A2BD238-56A8-4DB4-9C33-F48AC1D814E1}.Debug|Any CPU.ActiveCfg = Debug|Any CPU
		{4A2BD238-56A8-4DB4-9C33-F48AC1D814E1}.Debug|Any CPU.Build.0 = Debug|Any CPU
		{4A2BD238-56A8-4DB4-9C33-F48AC1D814E1}.Release|Any CPU.ActiveCfg = Release|Any CPU
		{4A2BD238-56A8-4DB4-9C33-F48AC1D814E1}.Release|Any CPU.Build.0 = Release|Any CPU
	EndGlobalSection
	GlobalSection(SolutionProperties) = preSolution
		HideSolutionNode = FALSE
	EndGlobalSection
	GlobalSection(ExtensibilityGlobals) = postSolution
		SolutionGuid = {2B3211C0-F5DE-4C01-9959-7F1F4561CA3E}
	EndGlobalSection
EndGlobal
